
Microsoft Visual Studio Solution File, Format Version 10.00
# Visual Studio 2008
Project("{8BC9CEB8-8B4A-11D0-8D11-00A0C91BC942}") = "sg_server", "sg_server.vcproj", "{0DE55BD3-B77F-4209-AB9E-3B71236D3144}"
EndProject
Global
	GlobalSection(SolutionConfigurationPlatforms) = preSolution
		Debug|Win32 = Debug|Win32
		Release|Win32 = Release|Win32
	EndGlobalSection
	GlobalSection(ProjectConfigurationPlatforms) = postSolution
		{0DE55BD3-B77F-4209-AB9E-3B71236D3144}.Debug|Win32.ActiveCfg = Debug|Win32
		{0DE55BD3-B77F-4209-AB9E-3B71236D3144}.Debug|Win32.Build.0 = Debug|Win32
		{0DE55BD3-B77F-4209-AB9E-3B71236D3144}.Release|Win32.ActiveCfg = Release|Win32
		{0DE55BD3-B77F-4209-AB9E-3B71236D3144}.Release|Win32.Build.0 = Release|Win32
	EndGlobalSection
	GlobalSection(SolutionProperties) = preSolution
		HideSolutionNode = FALSE
	EndGlobalSection
EndGlobal
